{
  "projects": [
    {
      "projectId": "58GpZjZCWTaJ8AUhpCwt2K",
      "version": "3.28.0",
      "dependencies": {},
      "lang": "ts",
      "fileLocks": [
        {
          "assetId": "58GpZjZCWTaJ8AUhpCwt2K",
          "type": "projectCss",
          "checksum": "f0469e206244772473ab64f50be898f9"
        }
      ],
      "codegenVersion": "0.0.1"
    },
    {
      "projectId": "7nJ7UcFmq9UzB6eXfC5z4a",
      "version": "0.31.0",
      "dependencies": {},
      "lang": "ts",
      "fileLocks": [
        {
          "assetId": "7nJ7UcFmq9UzB6eXfC5z4a",
          "type": "projectCss",
          "checksum": "01e8cee5b9ce00fbc93f494c2a40dbf1"
        }
      ],
      "codegenVersion": "0.0.1"
    },
    {
      "projectId": "wLxYZbpTqDsqB1kPae7D9i",
      "version": "latest",
      "dependencies": {
        "7nJ7UcFmq9UzB6eXfC5z4a": "0.31.0",
        "58GpZjZCWTaJ8AUhpCwt2K": "3.28.0"
      },
      "lang": "ts",
      "fileLocks": [
        {
          "type": "globalVariant",
          "assetId": "dbMap73Kv-Qw",
          "checksum": "b1133955fad3475ced46e9952505fca1"
        },
        {
          "assetId": "wLxYZbpTqDsqB1kPae7D9i",
          "type": "projectCss",
          "checksum": "fd26003d7c3ea807d0965ee2b0d6f553"
        },
        {
          "type": "renderModule",
          "assetId": "g9grQElCPwKG",
          "checksum": "07edcd9da212b1a5256aa58b0d9074b8"
        },
        {
          "type": "cssRules",
          "assetId": "g9grQElCPwKG",
          "checksum": "07edcd9da212b1a5256aa58b0d9074b8"
        },
        {
          "type": "renderModule",
          "assetId": "nks6Z8Rb1AJz",
          "checksum": "5cb48795382a421ead77d3e2b497f306"
        },
        {
          "type": "cssRules",
          "assetId": "nks6Z8Rb1AJz",
          "checksum": "5cb48795382a421ead77d3e2b497f306"
        },
        {
          "type": "renderModule",
          "assetId": "PrTC81Hsoz3e",
          "checksum": "ff2946ae49d03ac05f9273f559d79ab5"
        },
        {
          "type": "cssRules",
          "assetId": "PrTC81Hsoz3e",
          "checksum": "ff2946ae49d03ac05f9273f559d79ab5"
        },
        {
          "type": "renderModule",
          "assetId": "qpIey-StO0g8",
          "checksum": "2de07ca3e459d2170c1b3a27ba3c28f8"
        },
        {
          "type": "cssRules",
          "assetId": "qpIey-StO0g8",
          "checksum": "2de07ca3e459d2170c1b3a27ba3c28f8"
        },
        {
          "type": "renderModule",
          "assetId": "hRYXJXZeXN2B",
          "checksum": "aea5f92a2d79439a96bef34588e0c3be"
        },
        {
          "type": "cssRules",
          "assetId": "hRYXJXZeXN2B",
          "checksum": "aea5f92a2d79439a96bef34588e0c3be"
        },
        {
          "type": "renderModule",
          "assetId": "FJ-Gi17IRjmG",
          "checksum": "1076893477d82b414121b8a6a6247607"
        },
        {
          "type": "cssRules",
          "assetId": "FJ-Gi17IRjmG",
          "checksum": "1076893477d82b414121b8a6a6247607"
        },
        {
          "type": "renderModule",
          "assetId": "RJaVTQcYmqWT",
          "checksum": "2abea805255c14393aba586a45c2fb10"
        },
        {
          "type": "cssRules",
          "assetId": "RJaVTQcYmqWT",
          "checksum": "2abea805255c14393aba586a45c2fb10"
        },
        {
          "type": "renderModule",
          "assetId": "m4-OuH9BMUY3",
          "checksum": "7d020bc2bf7fb3e294175424f6fce79e"
        },
        {
          "type": "cssRules",
          "assetId": "m4-OuH9BMUY3",
          "checksum": "7d020bc2bf7fb3e294175424f6fce79e"
        },
        {
          "type": "renderModule",
          "assetId": "7W19TRf1n6fF",
          "checksum": "71fc9f441af5d85ea82643892ff1b4c9"
        },
        {
          "type": "cssRules",
          "assetId": "7W19TRf1n6fF",
          "checksum": "71fc9f441af5d85ea82643892ff1b4c9"
        },
        {
          "type": "renderModule",
          "assetId": "JYyv-960Ly0O",
          "checksum": "b2287d33f2483fbd5e1d7f70f5765488"
        },
        {
          "type": "cssRules",
          "assetId": "JYyv-960Ly0O",
          "checksum": "b2287d33f2483fbd5e1d7f70f5765488"
        },
        {
          "type": "icon",
          "assetId": "bTZLn-TJv8l4",
          "checksum": "97d282882d6c7c8ac8a348e0e0353795"
        },
        {
          "type": "icon",
          "assetId": "mlY3PnwHKZEC",
          "checksum": "e15aee09cc1b23a65be9640977a95350"
        },
        {
          "type": "icon",
          "assetId": "2ZnsrEwVN43T",
          "checksum": "4de8aea1949669a74fb829962383f298"
        },
        {
          "type": "icon",
          "assetId": "sEJ-EJq08jR4",
          "checksum": "e95d961fa8e982007022639cb1111d15"
        },
        {
          "type": "icon",
          "assetId": "gV6v4aZ8Ienz",
          "checksum": "94d6a0c6d74360416231988207de833d"
        },
        {
          "type": "icon",
          "assetId": "477bUC6RU7-l",
          "checksum": "13567e8d55773f77d3d775417b0db73e"
        },
        {
          "type": "icon",
          "assetId": "UBP_Fb5qjU8E",
          "checksum": "187d7810cae82014ee37364d68dc15a2"
        },
        {
          "type": "icon",
          "assetId": "7CstwbaldgcV",
          "checksum": "9ed02495a126113a0b7fc030d4f56b65"
        },
        {
          "type": "icon",
          "assetId": "Xf-hiwFNHE7L",
          "checksum": "f7e9cfd816fa67241dd677b9311987b8"
        },
        {
          "type": "icon",
          "assetId": "8iSiDS5CRn4e",
          "checksum": "8626f5d5b4a51d0c8a79d6fe7242cc97"
        },
        {
          "type": "image",
          "assetId": "tr8cyRSkirkf",
          "checksum": "9030f7129f08ae3868f51a2647bf333b"
        },
        {
          "type": "image",
          "assetId": "U4T2bY2kmCVJ",
          "checksum": "a6d5ee162309bca20855defc4ab6f024"
        },
        {
          "type": "image",
          "assetId": "8hfaMWeykDP_",
          "checksum": "91a26a552d19f30c140290addfb8febd"
        },
        {
          "type": "image",
          "assetId": "edKEpRf-94_B",
          "checksum": "300eb8c6a5b5b7c4002c63960e5dfd69"
        },
        {
          "type": "image",
          "assetId": "PSotcKSqvV6K",
          "checksum": "784781d57de36752b4d093d616c3d47c"
        },
        {
          "type": "image",
          "assetId": "z2yRh37JOBGP",
          "checksum": "a9d7141bb17c69fa50d606a72004043f"
        },
        {
          "type": "image",
          "assetId": "Cm2QpZx3bO3A",
          "checksum": "f0b7bbf71795713959a0591205207b03"
        },
        {
          "type": "image",
          "assetId": "vM1dhKHez2ET",
          "checksum": "aca99f2bd75b44c2c8918d699169b345"
        },
        {
          "type": "image",
          "assetId": "D1GVHtKLCaai",
          "checksum": "2ab8186c1ec22e139e21717c49e73223"
        },
        {
          "type": "image",
          "assetId": "VQXXEriJNvtp",
          "checksum": "f3fd409fbccbaf723d21ec7c6458093f"
        },
        {
          "type": "image",
          "assetId": "lV334Ng2_O_O",
          "checksum": "93068ae6fe2c84b6a39390a6a73734e0"
        },
        {
          "type": "image",
          "assetId": "KRgAXYQxy_H7",
          "checksum": "1ee0e5b7846f37056524a26bcca58d4c"
        },
        {
          "type": "image",
          "assetId": "lyCRKPcTe8Cl",
          "checksum": "0de60e730a79defbadc587db9535b411"
        },
        {
          "type": "image",
          "assetId": "4-ddGSQy_OoF",
          "checksum": "bf251d049edd6348f4250cfccf57d6a3"
        },
        {
          "type": "image",
          "assetId": "QBrP3MuzsT7r",
          "checksum": "3d9655750df8db784635ef4a4c2eea32"
        },
        {
          "type": "image",
          "assetId": "FSOiOjGRGO-R",
          "checksum": "f1d06995a3f3a10dfc1f3bcf708dc19d"
        },
        {
          "type": "image",
          "assetId": "1dlRA1jp7im-",
          "checksum": "f8d8d87788e777b73296de31827fefa3"
        },
        {
          "type": "image",
          "assetId": "9LKRMx2OP4mi",
          "checksum": "cda507a5135422fa22bc4766ff761c97"
        },
        {
          "type": "image",
          "assetId": "rkexWiNBM0UP",
          "checksum": "8e7b98b1ee3f720731685a8ebfa73b90"
        },
        {
          "type": "image",
          "assetId": "s5C5AMpPibCw",
          "checksum": "ac1b002614935032c2b82f16e2d24b40"
        },
        {
          "type": "image",
          "assetId": "K3VMKEr-hE-p",
          "checksum": "e71eeac18599d172d6ba65cb54b494c9"
        },
        {
          "type": "image",
          "assetId": "idLA8yTXj5r_",
          "checksum": "9c22855d02d52f482f230836ef794e58"
        },
        {
          "type": "image",
          "assetId": "KFlw6aqwSmxF",
          "checksum": "231564f1541ea4c56be3f0c80136282f"
        },
        {
          "type": "image",
          "assetId": "e3VKaDAvaUFS",
          "checksum": "53431c3615c3bc747ad1e0bceb09a659"
        },
        {
          "type": "image",
          "assetId": "QsTwtjkt-8_R",
          "checksum": "c79da9ae26ef40b7cd23785d61d89856"
        },
        {
          "type": "image",
          "assetId": "uaTNnybNox0b",
          "checksum": "3e767b2bf08b6dbc42765cd95f5f1ed7"
        },
        {
          "type": "image",
          "assetId": "ps5tnvdCoqgN",
          "checksum": "bea2007e7ff2f7b8a17872876a08ac5f"
        },
        {
          "type": "image",
          "assetId": "9AyEITIOq9Cb",
          "checksum": "2bdffe54a659219e9390656c53de0aef"
        },
        {
          "type": "image",
          "assetId": "g_0TJL0t1ZI0",
          "checksum": "4ceec04d24d72dc075a62e08f4952092"
        },
        {
          "type": "image",
          "assetId": "Jlvcnbfkbgk8",
          "checksum": "108cc34d40f2dfa9fbaa4c2e1a80a871"
        },
        {
          "type": "image",
          "assetId": "_cVJFDcLsVgX",
          "checksum": "ea1bca979d97fff19545e32359623f84"
        },
        {
          "type": "image",
          "assetId": "f2BeKnr8Ir21",
          "checksum": "15db174895151cdc5caca99263111fe1"
        },
        {
          "type": "image",
          "assetId": "pxFtI0DZE3eh",
          "checksum": "5d5fdbbe96233ab320812da6cf0c8178"
        },
        {
          "type": "image",
          "assetId": "BFFDtv7HoKKj",
          "checksum": "a7d8d7d3f795516202abce987a3a1549"
        },
        {
          "type": "image",
          "assetId": "02jtwKbSgj4T",
          "checksum": "5a9a920c47ff489f463ff5dfc4ef9aed"
        },
        {
          "type": "image",
          "assetId": "3MMTlgUf5ycp",
          "checksum": "85c8eccf3c576f4f09cf4d596ec009f4"
        },
        {
          "type": "image",
          "assetId": "UZ3ku4WIOWmx",
          "checksum": "198d053380661803003968beacd0a034"
        },
        {
          "type": "image",
          "assetId": "wqAjTFrijhp-",
          "checksum": "0b9d0629fdd05b15dc3ab126bbfca0cd"
        },
        {
          "type": "image",
          "assetId": "uMbIheA8921a",
          "checksum": "c8a65e8e66f933f6cf5cea5ff4041ba9"
        },
        {
          "type": "image",
          "assetId": "lX8HSb8IJfxg",
          "checksum": "2da2ab8ebc227453e4deb1c9893e0e00"
        },
        {
          "type": "image",
          "assetId": "W4FOqDJMqhtV",
          "checksum": "3717c4a6272e37e50242cdcddae2030b"
        },
        {
          "type": "image",
          "assetId": "tEFdTDowhtuX",
          "checksum": "a2d713e30ca356622a5bb455d9bac2fc"
        },
        {
          "type": "image",
          "assetId": "J42r4X_9w1eE",
          "checksum": "fc97e01e298f270a3e31c2559a2a60ac"
        },
        {
          "type": "image",
          "assetId": "lYs79gaxfsLw",
          "checksum": "73845eaed5974ee61610f8cb8dd7c879"
        }
      ],
      "codegenVersion": "0.0.1"
    }
  ],
  "cliVersion": "0.1.336"
}
